
Microsoft Visual Studio Solution File, Format Version 12.00
# Visual Studio 15
VisualStudioVersion = 15.0.28010.2048
MinimumVisualStudioVersion = 10.0.40219.1
Project("{FAE04EC0-301F-11D3-BF4B-00C04F79EFBC}") = "CodeAnalyzer.AdditionalRules", "CodeAnalyzer.AdditionalRules\CodeAnalyzer.AdditionalRules\CodeAnalyzer.AdditionalRules.csproj", "{F95DAA88-4D77-4454-AB3D-DB2D20D663DF}"
EndProject
Project("{FAE04EC0-301F-11D3-BF4B-00C04F79EFBC}") = "CodeAnalyzer.AdditionalRules.Test", "CodeAnalyzer.AdditionalRules\CodeAnalyzer.AdditionalRules.Test\CodeAnalyzer.AdditionalRules.Test.csproj", "{206E9D74-0EEE-4BC1-B496-F0353AF88E7A}"
EndProject
Project("{FAE04EC0-301F-11D3-BF4B-00C04F79EFBC}") = "CodeAnalyzer.AdditionalRules.Vsix", "CodeAnalyzer.AdditionalRules\CodeAnalyzer.AdditionalRules.Vsix\CodeAnalyzer.AdditionalRules.Vsix.csproj", "{255ACB49-970E-4061-80C9-D9526A03949B}"
EndProject
Global
	GlobalSection(SolutionConfigurationPlatforms) = preSolution
		Debug|Any CPU = Debug|Any CPU
		Release|Any CPU = Release|Any CPU
	EndGlobalSection
	GlobalSection(ProjectConfigurationPlatforms) = postSolution
		{F95DAA88-4D77-4454-AB3D-DB2D20D663DF}.Debug|Any CPU.ActiveCfg = Debug|Any CPU
		{F95DAA88-4D77-4454-AB3D-DB2D20D663DF}.Debug|Any CPU.Build.0 = Debug|Any CPU
		{F95DAA88-4D77-4454-AB3D-DB2D20D663DF}.Release|Any CPU.ActiveCfg = Release|Any CPU
		{F95DAA88-4D77-4454-AB3D-DB2D20D663DF}.Release|Any CPU.Build.0 = Release|Any CPU
		{206E9D74-0EEE-4BC1-B496-F0353AF88E7A}.Debug|Any CPU.ActiveCfg = Debug|Any CPU
		{206E9D74-0EEE-4BC1-B496-F0353AF88E7A}.Debug|Any CPU.Build.0 = Debug|Any CPU
		{206E9D74-0EEE-4BC1-B496-F0353AF88E7A}.Release|Any CPU.ActiveCfg = Release|Any CPU
		{206E9D74-0EEE-4BC1-B496-F0353AF88E7A}.Release|Any CPU.Build.0 = Release|Any CPU
		{255ACB49-970E-4061-80C9-D9526A03949B}.Debug|Any CPU.ActiveCfg = Debug|Any CPU
		{255ACB49-970E-4061-80C9-D9526A03949B}.Debug|Any CPU.Build.0 = Debug|Any CPU
		{255ACB49-970E-4061-80C9-D9526A03949B}.Release|Any CPU.ActiveCfg = Release|Any CPU
		{255ACB49-970E-4061-80C9-D9526A03949B}.Release|Any CPU.Build.0 = Release|Any CPU
	EndGlobalSection
	GlobalSection(SolutionProperties) = preSolution
		HideSolutionNode = FALSE
	EndGlobalSection
	GlobalSection(ExtensibilityGlobals) = postSolution
		SolutionGuid = {19A70BD4-FCF8-4BF0-9F77-D43A1A36E833}
	EndGlobalSection
EndGlobal
